
Microsoft Visual Studio Solution File, Format Version 12.00
# Visual Studio 14
VisualStudioVersion = 14.0.25420.1
MinimumVisualStudioVersion = 10.0.40219.1
Project("{FAE04EC0-301F-11D3-BF4B-00C04F79EFBC}") = "Mvvm", "Mvvm\Mvvm.csproj", "{816B7B48-EB24-4B2E-A0C5-48A0564C3581}"
EndProject
Project("{FAE04EC0-301F-11D3-BF4B-00C04F79EFBC}") = "DoubledLinkedList Library", "DoubledLinkedList\DoubledLinkedList Library.csproj", "{757B2580-FC98-470F-9125-E657093977AA}"
EndProject
Project("{FAE04EC0-301F-11D3-BF4B-00C04F79EFBC}") = "ConsoleApplication", "ConsoleApplication\ConsoleApplication.csproj", "{66ACFA46-E674-49C0-A39C-D603CF08192C}"
EndProject
Global
	GlobalSection(SolutionConfigurationPlatforms) = preSolution
		Debug|Any CPU = Debug|Any CPU
		Release|Any CPU = Release|Any CPU
	EndGlobalSection
	GlobalSection(ProjectConfigurationPlatforms) = postSolution
		{816B7B48-EB24-4B2E-A0C5-48A0564C3581}.Debug|Any CPU.ActiveCfg = Debug|Any CPU
		{816B7B48-EB24-4B2E-A0C5-48A0564C3581}.Debug|Any CPU.Build.0 = Debug|Any CPU
		{816B7B48-EB24-4B2E-A0C5-48A0564C3581}.Release|Any CPU.ActiveCfg = Release|Any CPU
		{816B7B48-EB24-4B2E-A0C5-48A0564C3581}.Release|Any CPU.Build.0 = Release|Any CPU
		{757B2580-FC98-470F-9125-E657093977AA}.Debug|Any CPU.ActiveCfg = Debug|Any CPU
		{757B2580-FC98-470F-9125-E657093977AA}.Debug|Any CPU.Build.0 = Debug|Any CPU
		{757B2580-FC98-470F-9125-E657093977AA}.Release|Any CPU.ActiveCfg = Release|Any CPU
		{757B2580-FC98-470F-9125-E657093977AA}.Release|Any CPU.Build.0 = Release|Any CPU
		{66ACFA46-E674-49C0-A39C-D603CF08192C}.Debug|Any CPU.ActiveCfg = Debug|Any CPU
		{66ACFA46-E674-49C0-A39C-D603CF08192C}.Debug|Any CPU.Build.0 = Debug|Any CPU
		{66ACFA46-E674-49C0-A39C-D603CF08192C}.Release|Any CPU.ActiveCfg = Release|Any CPU
		{66ACFA46-E674-49C0-A39C-D603CF08192C}.Release|Any CPU.Build.0 = Release|Any CPU
	EndGlobalSection
	GlobalSection(SolutionProperties) = preSolution
		HideSolutionNode = FALSE
	EndGlobalSection
EndGlobal
